
Microsoft Visual Studio Solution File, Format Version 12.00
# Visual Studio Version 17
VisualStudioVersion = 17.13.35913.81 d17.13
MinimumVisualStudioVersion = 10.0.40219.1
Project("{FAE04EC0-301F-11D3-BF4B-00C04F79EFBC}") = "PolygonEditor", "PolygonEditor.csproj", "{A01567B8-F727-4E31-AA53-DEA95F293401}"
EndProject
Global
	GlobalSection(SolutionConfigurationPlatforms) = preSolution
		Debug|Any CPU = Debug|Any CPU
		Release|Any CPU = Release|Any CPU
	EndGlobalSection
	GlobalSection(ProjectConfigurationPlatforms) = postSolution
		{A01567B8-F727-4E31-AA53-DEA95F293401}.Debug|Any CPU.ActiveCfg = Debug|Any CPU
		{A01567B8-F727-4E31-AA53-DEA95F293401}.Debug|Any CPU.Build.0 = Debug|Any CPU
		{A01567B8-F727-4E31-AA53-DEA95F293401}.Release|Any CPU.ActiveCfg = Release|Any CPU
		{A01567B8-F727-4E31-AA53-DEA95F293401}.Release|Any CPU.Build.0 = Release|Any CPU
	EndGlobalSection
	GlobalSection(SolutionProperties) = preSolution
		HideSolutionNode = FALSE
	EndGlobalSection
	GlobalSection(ExtensibilityGlobals) = postSolution
		SolutionGuid = {CBC6D2D1-0064-4D97-9AE9-D1BCC23CB2C2}
	EndGlobalSection
EndGlobal
